
Microsoft Visual Studio Solution File, Format Version 12.00
# Visual Studio 15
VisualStudioVersion = 15.0.27428.2027
MinimumVisualStudioVersion = 10.0.40219.1
Project("{FAE04EC0-301F-11D3-BF4B-00C04F79EFBC}") = "Cedro.Projeto.Restaurante.Api", "Cedro.Projeto.Restaurante.Api\Cedro.Projeto.Restaurante.Api.csproj", "{CF5FA59F-F69D-45BE-B364-23A450472D8C}"
EndProject
Project("{FAE04EC0-301F-11D3-BF4B-00C04F79EFBC}") = "Cedro.Projeto.Restaurante.Application", "Cedro.Projeto.Restaurante.Application\Cedro.Projeto.Restaurante.Application.csproj", "{FDA8F61E-B591-4F88-A4A9-B5FB8FF29372}"
EndProject
Project("{FAE04EC0-301F-11D3-BF4B-00C04F79EFBC}") = "Cedro.Projeto.Restaurante.Domain", "Cedro.Projeto.Restaurante.Domain\Cedro.Projeto.Restaurante.Domain.csproj", "{3E28DE9D-770D-4332-B54C-36D73C6BC2A0}"
EndProject
Project("{FAE04EC0-301F-11D3-BF4B-00C04F79EFBC}") = "Cedro.Projeto.Restaurante.Infra.Data", "Cedro.Projeto.Restaurante.Infra.Data\Cedro.Projeto.Restaurante.Infra.Data.csproj", "{FAF4F356-F074-4F2E-8320-15C6F5E34637}"
EndProject
Global
	GlobalSection(SolutionConfigurationPlatforms) = preSolution
		Debug|Any CPU = Debug|Any CPU
		Release|Any CPU = Release|Any CPU
	EndGlobalSection
	GlobalSection(ProjectConfigurationPlatforms) = postSolution
		{CF5FA59F-F69D-45BE-B364-23A450472D8C}.Debug|Any CPU.ActiveCfg = Debug|Any CPU
		{CF5FA59F-F69D-45BE-B364-23A450472D8C}.Debug|Any CPU.Build.0 = Debug|Any CPU
		{CF5FA59F-F69D-45BE-B364-23A450472D8C}.Release|Any CPU.ActiveCfg = Release|Any CPU
		{CF5FA59F-F69D-45BE-B364-23A450472D8C}.Release|Any CPU.Build.0 = Release|Any CPU
		{FDA8F61E-B591-4F88-A4A9-B5FB8FF29372}.Debug|Any CPU.ActiveCfg = Debug|Any CPU
		{FDA8F61E-B591-4F88-A4A9-B5FB8FF29372}.Debug|Any CPU.Build.0 = Debug|Any CPU
		{FDA8F61E-B591-4F88-A4A9-B5FB8FF29372}.Release|Any CPU.ActiveCfg = Release|Any CPU
		{FDA8F61E-B591-4F88-A4A9-B5FB8FF29372}.Release|Any CPU.Build.0 = Release|Any CPU
		{3E28DE9D-770D-4332-B54C-36D73C6BC2A0}.Debug|Any CPU.ActiveCfg = Debug|Any CPU
		{3E28DE9D-770D-4332-B54C-36D73C6BC2A0}.Debug|Any CPU.Build.0 = Debug|Any CPU
		{3E28DE9D-770D-4332-B54C-36D73C6BC2A0}.Release|Any CPU.ActiveCfg = Release|Any CPU
		{3E28DE9D-770D-4332-B54C-36D73C6BC2A0}.Release|Any CPU.Build.0 = Release|Any CPU
		{FAF4F356-F074-4F2E-8320-15C6F5E34637}.Debug|Any CPU.ActiveCfg = Debug|Any CPU
		{FAF4F356-F074-4F2E-8320-15C6F5E34637}.Debug|Any CPU.Build.0 = Debug|Any CPU
		{FAF4F356-F074-4F2E-8320-15C6F5E34637}.Release|Any CPU.ActiveCfg = Release|Any CPU
		{FAF4F356-F074-4F2E-8320-15C6F5E34637}.Release|Any CPU.Build.0 = Release|Any CPU
	EndGlobalSection
	GlobalSection(SolutionProperties) = preSolution
		HideSolutionNode = FALSE
	EndGlobalSection
	GlobalSection(ExtensibilityGlobals) = postSolution
		SolutionGuid = {D5A87581-0115-48D2-AA65-F178EDB03309}
	EndGlobalSection
EndGlobal
